
Microsoft Visual Studio Solution File, Format Version 12.00
# Visual Studio Version 16
VisualStudioVersion = 16.0.30611.23
MinimumVisualStudioVersion = 10.0.40219.1
Project("{FAE04EC0-301F-11D3-BF4B-00C04F79EFBC}") = "Calculator GUI", "Calculator GUI\Calculator GUI.csproj", "{3B4DA0AD-2B52-41E0-8FE7-C2151BA8918A}"
EndProject
Global
	GlobalSection(SolutionConfigurationPlatforms) = preSolution
		Debug|Any CPU = Debug|Any CPU
		Release|Any CPU = Release|Any CPU
	EndGlobalSection
	GlobalSection(ProjectConfigurationPlatforms) = postSolution
		{3B4DA0AD-2B52-41E0-8FE7-C2151BA8918A}.Debug|Any CPU.ActiveCfg = Debug|Any CPU
		{3B4DA0AD-2B52-41E0-8FE7-C2151BA8918A}.Debug|Any CPU.Build.0 = Debug|Any CPU
		{3B4DA0AD-2B52-41E0-8FE7-C2151BA8918A}.Release|Any CPU.ActiveCfg = Release|Any CPU
		{3B4DA0AD-2B52-41E0-8FE7-C2151BA8918A}.Release|Any CPU.Build.0 = Release|Any CPU
	EndGlobalSection
	GlobalSection(SolutionProperties) = preSolution
		HideSolutionNode = FALSE
	EndGlobalSection
	GlobalSection(ExtensibilityGlobals) = postSolution
		SolutionGuid = {3B9D6AEE-8483-4045-9DEA-CC2EB4FE8261}
	EndGlobalSection
EndGlobal
